hash: bacde3ad6e388e795d25013c0466f84bd10b4e4b78234e655696ebfb2a90e131
updated: 2017-09-17T17:50:13.864320291+01:00
imports:
- name: github.com/gorilla/websocket
  version: ea4d1f681babbce9545c9c5f3d5194a789c89f5b
- name: github.com/lib/pq
  version: e42267488fe361b9dc034be7a6bffef5b195bceb
  subpackages:
  - oid
- name: github.com/pkg/errors
  version: 645ef00459ed84a119197bfb8d8205042c6df63d
- name: github.com/preichenberger/go-coinbase-exchange
  version: a283500f7727cf578eaa8874c417ad84805baec4
- name: github.com/urfave/cli
  version: cfb38830724cc34fedffe9a2a29fb54fa9169cd1
testImports: []
